
Microsoft Visual Studio Solution File, Format Version 12.00
# Visual Studio Version 17
VisualStudioVersion = 17.14.36414.22 d17.14
MinimumVisualStudioVersion = 10.0.40219.1
Project("{FAE04EC0-301F-11D3-BF4B-00C04F79EFBC}") = "Yukari.Core", "Yukari.Core\Yukari.Core.csproj", "{00B65E67-6056-4E20-BC09-DF344EB6C424}"
EndProject
Global
	GlobalSection(SolutionConfigurationPlatforms) = preSolution
		Debug|Any CPU = Debug|Any CPU
		Release|Any CPU = Release|Any CPU
	EndGlobalSection
	GlobalSection(ProjectConfigurationPlatforms) = postSolution
		{00B65E67-6056-4E20-BC09-DF344EB6C424}.Debug|Any CPU.ActiveCfg = Debug|Any CPU
		{00B65E67-6056-4E20-BC09-DF344EB6C424}.Debug|Any CPU.Build.0 = Debug|Any CPU
		{00B65E67-6056-4E20-BC09-DF344EB6C424}.Release|Any CPU.ActiveCfg = Release|Any CPU
		{00B65E67-6056-4E20-BC09-DF344EB6C424}.Release|Any CPU.Build.0 = Release|Any CPU
	EndGlobalSection
	GlobalSection(SolutionProperties) = preSolution
		HideSolutionNode = FALSE
	EndGlobalSection
	GlobalSection(ExtensibilityGlobals) = postSolution
		SolutionGuid = {7D5B54AD-C566-4804-A283-E438698F9F2A}
	EndGlobalSection
EndGlobal
